// !$*UTF8*$!
{
	archiveVersion = 1;
	classes = {
	};
	objectVersion = 46;
	objects = {

/* Begin PBXBuildFile section */
		5266A8B9C9EAF04D38D984C7 /* libPods-ELProgressHUD.a in Frameworks */ = {isa = PBXBuildFile; fileRef = 54AF777C9FE4C4EC2253BF60 /* libPods-ELProgressHUD.a */; };
		D82659301D79D1A300BC74D3 /* 1.png in Resources */ = {isa = PBXBuildFile; fileRef = D82659211D79D1A300BC74D3 /* 1.png */; };
		D82659311D79D1A300BC74D3 /* 11.png in Resources */ = {isa = PBXBuildFile; fileRef = D82659221D79D1A300BC74D3 /* 11.png */; };
		D82659321D79D1A300BC74D3 /* 12.png in Resources */ = {isa = PBXBuildFile; fileRef = D82659231D79D1A300BC74D3 /* 12.png */; };
		D82659331D79D1A300BC74D3 /* 13.png in Resources */ = {isa = PBXBuildFile; fileRef = D82659241D79D1A300BC74D3 /* 13.png */; };
		D82659341D79D1A300BC74D3 /* 14.png in Resources */ = {isa = PBXBuildFile; fileRef = D82659251D79D1A300BC74D3 /* 14.png */; };
		D82659351D79D1A300BC74D3 /* 2.png in Resources */ = {isa = PBXBuildFile; fileRef = D82659261D79D1A300BC74D3 /* 2.png */; };
		D82659361D79D1A300BC74D3 /* 3.png in Resources */ = {isa = PBXBuildFile; fileRef = D82659271D79D1A300BC74D3 /* 3.png */; };
		D82659371D79D1A300BC74D3 /* 4.png in Resources */ = {isa = PBXBuildFile; fileRef = D82659281D79D1A300BC74D3 /* 4.png */; };
		D82659381D79D1A300BC74D3 /* 5.png in Resources */ = {isa = PBXBuildFile; fileRef = D82659291D79D1A300BC74D3 /* 5.png */; };
		D82659391D79D1A300BC74D3 /* 6.png in Resources */ = {isa = PBXBuildFile; fileRef = D826592A1D79D1A300BC74D3 /* 6.png */; };
		D826593A1D79D1A300BC74D3 /* 7.png in Resources */ = {isa = PBXBuildFile; fileRef = D826592B1D79D1A300BC74D3 /* 7.png */; };
		D826593B1D79D1A300BC74D3 /* 8.png in Resources */ = {isa = PBXBuildFile; fileRef = D826592C1D79D1A300BC74D3 /* 8.png */; };
		D826593C1D79D1A300BC74D3 /* a.png in Resources */ = {isa = PBXBuildFile; fileRef = D826592D1D79D1A300BC74D3 /* a.png */; };
		D826593D1D79D1A300BC74D3 /* b.png in Resources */ = {isa = PBXBuildFile; fileRef = D826592E1D79D1A300BC74D3 /* b.png */; };
		D826593E1D79D1A300BC74D3 /* ha in Resources */ = {isa = PBXBuildFile; fileRef = D826592F1D79D1A300BC74D3 /* ha */; };
		D8CA7C381D75D5DE00434EB0 /* main.m in Sources */ = {isa = PBXBuildFile; fileRef = D8CA7C371D75D5DE00434EB0 /* main.m */; };
		D8CA7C3B1D75D5DE00434EB0 /* AppDelegate.m in Sources */ = {isa = PBXBuildFile; fileRef = D8CA7C3A1D75D5DE00434EB0 /* AppDelegate.m */; };
		D8CA7C3E1D75D5DE00434EB0 /* ViewController.m in Sources */ = {isa = PBXBuildFile; fileRef = D8CA7C3D1D75D5DE00434EB0 /* ViewController.m */; };
		D8CA7C431D75D5DE00434EB0 /* Assets.xcassets in Resources */ = {isa = PBXBuildFile; fileRef = D8CA7C421D75D5DE00434EB0 /* Assets.xcassets */; };
		D8CA7C461D75D5DE00434EB0 /* LaunchScreen.storyboard in Resources */ = {isa = PBXBuildFile; fileRef = D8CA7C441D75D5DE00434EB0 /* LaunchScreen.storyboard */; };
		D8CA7C511D75D5DF00434EB0 /* ELProgressHUDTests.m in Sources */ = {isa = PBXBuildFile; fileRef = D8CA7C501D75D5DF00434EB0 /* ELProgressHUDTests.m */; };
		D8CA7C5C1D75D5DF00434EB0 /* ELProgressHUDUITests.m in Sources */ = {isa = PBXBuildFile; fileRef = D8CA7C5B1D75D5DF00434EB0 /* ELProgressHUDUITests.m */; };
		D8CA7C801D75D5FA00434EB0 /* ELProgressHud.m in Sources */ = {isa = PBXBuildFile; fileRef = D8CA7C791D75D5FA00434EB0 /* ELProgressHud.m */; };
/* End PBXBuildFile section */

/* Begin PBXContainerItemProxy section */
		D8CA7C4D1D75D5DF00434EB0 /* PBXContainerItemProxy */ = {
			isa = PBXContainerItemProxy;
			containerPortal = D8CA7C2B1D75D5DE00434EB0 /* Project object */;
			proxyType = 1;
			remoteGlobalIDString = D8CA7C321D75D5DE00434EB0;
			remoteInfo = ELProgressHUD;
		};
		D8CA7C581D75D5DF00434EB0 /* PBXContainerItemProxy */ = {
			isa = PBXContainerItemProxy;
			containerPortal = D8CA7C2B1D75D5DE00434EB0 /* Project object */;
			proxyType = 1;
			remoteGlobalIDString = D8CA7C321D75D5DE00434EB0;
			remoteInfo = ELProgressHUD;
		};
/* End PBXContainerItemProxy section */

/* Begin PBXFileReference section */
		54AF777C9FE4C4EC2253BF60 /* libPods-ELProgressHUD.a */ = {isa = PBXFileReference; explicitFileType = archive.ar; includeInIndex = 0; path = "libPods-ELProgressHUD.a"; sourceTree = BUILT_PRODUCTS_DIR; };
		BD47AE0932756F9E860A0781 /* Pods-ELProgressHUD.debug.xcconfig */ = {isa = PBXFileReference; includeInIndex = 1; lastKnownFileType = text.xcconfig; name = "Pods-ELProgressHUD.debug.xcconfig"; path = "Pods/Target Support Files/Pods-ELProgressHUD/Pods-ELProgressHUD.debug.xcconfig"; sourceTree = "<group>"; };
		D4C106B504357373FBF26A23 /* Pods-ELProgressHUD.release.xcconfig */ = {isa = PBXFileReference; includeInIndex = 1; lastKnownFileType = text.xcconfig; name = "Pods-ELProgressHUD.release.xcconfig"; path = "Pods/Target Support Files/Pods-ELProgressHUD/Pods-ELProgressHUD.release.xcconfig"; sourceTree = "<group>"; };
		D82659211D79D1A300BC74D3 /* 1.png */ = {isa = PBXFileReference; lastKnownFileType = image.png; path = 1.png; sourceTree = "<group>"; };
		D82659221D79D1A300BC74D3 /* 11.png */ = {isa = PBXFileReference; lastKnownFileType = image.png; path = 11.png; sourceTree = "<group>"; };
		D82659231D79D1A300BC74D3 /* 12.png */ = {isa = PBXFileReference; lastKnownFileType = image.png; path = 12.png; sourceTree = "<group>"; };
		D82659241D79D1A300BC74D3 /* 13.png */ = {isa = PBXFileReference; lastKnownFileType = image.png; path = 13.png; sourceTree = "<group>"; };
		D82659251D79D1A300BC74D3 /* 14.png */ = {isa = PBXFileReference; lastKnownFileType = image.png; path = 14.png; sourceTree = "<group>"; };
		D82659261D79D1A300BC74D3 /* 2.png */ = {isa = PBXFileReference; lastKnownFileType = image.png; path = 2.png; sourceTree = "<group>"; };
		D82659271D79D1A300BC74D3 /* 3.png */ = {isa = PBXFileReference; lastKnownFileType = image.png; path = 3.png; sourceTree = "<group>"; };
		D82659281D79D1A300BC74D3 /* 4.png */ = {isa = PBXFileReference; lastKnownFileType = image.png; path = 4.png; sourceTree = "<group>"; };
		D82659291D79D1A300BC74D3 /* 5.png */ = {isa = PBXFileReference; lastKnownFileType = image.png; path = 5.png; sourceTree = "<group>"; };
		D826592A1D79D1A300BC74D3 /* 6.png */ = {isa = PBXFileReference; lastKnownFileType = image.png; path = 6.png; sourceTree = "<group>"; };
		D826592B1D79D1A300BC74D3 /* 7.png */ = {isa = PBXFileReference; lastKnownFileType = image.png; path = 7.png; sourceTree = "<group>"; };
		D826592C1D79D1A300BC74D3 /* 8.png */ = {isa = PBXFileReference; lastKnownFileType = image.png; path = 8.png; sourceTree = "<group>"; };
		D826592D1D79D1A300BC74D3 /* a.png */ = {isa = PBXFileReference; lastKnownFileType = image.png; path = a.png; sourceTree = "<group>"; };
		D826592E1D79D1A300BC74D3 /* b.png */ = {isa = PBXFileReference; lastKnownFileType = image.png; path = b.png; sourceTree = "<group>"; };
		D826592F1D79D1A300BC74D3 /* ha */ = {isa = PBXFileReference; fileEncoding = 4; lastKnownFileType = text; path = ha; sourceTree = "<group>"; };
		D8CA7C331D75D5DE00434EB0 /* ELProgressHUD.app */ = {isa = PBXFileReference; explicitFileType = wrapper.application; includeInIndex = 0; path = ELProgressHUD.app; sourceTree = BUILT_PRODUCTS_DIR; };
		D8CA7C371D75D5DE00434EB0 /* main.m */ = {isa = PBXFileReference; lastKnownFileType = sourcecode.c.objc; path = main.m; sourceTree = "<group>"; };
		D8CA7C391D75D5DE00434EB0 /* AppDelegate.h */ = {isa = PBXFileReference; lastKnownFileType = sourcecode.c.h; path = AppDelegate.h; sourceTree = "<group>"; };
		D8CA7C3A1D75D5DE00434EB0 /* AppDelegate.m */ = {isa = PBXFileReference; lastKnownFileType = sourcecode.c.objc; path = AppDelegate.m; sourceTree = "<group>"; };
		D8CA7C3C1D75D5DE00434EB0 /* ViewController.h */ = {isa = PBXFileReference; lastKnownFileType = sourcecode.c.h; path = ViewController.h; sourceTree = "<group>"; };
		D8CA7C3D1D75D5DE00434EB0 /* ViewController.m */ = {isa = PBXFileReference; lastKnownFileType = sourcecode.c.objc; path = ViewController.m; sourceTree = "<group>"; };
		D8CA7C421D75D5DE00434EB0 /* Assets.xcassets */ = {isa = PBXFileReference; lastKnownFileType = folder.assetcatalog; path = Assets.xcassets; sourceTree = "<group>"; };
		D8CA7C451D75D5DE00434EB0 /* Base */ = {isa = PBXFileReference; lastKnownFileType = file.storyboard; name = Base; path = Base.lproj/LaunchScreen.storyboard; sourceTree = "<group>"; };
		D8CA7C471D75D5DE00434EB0 /* Info.plist */ = {isa = PBXFileReference; lastKnownFileType = text.plist.xml; path = Info.plist; sourceTree = "<group>"; };
		D8CA7C4C1D75D5DF00434EB0 /* ELProgressHUDTests.xctest */ = {isa = PBXFileReference; explicitFileType = wrapper.cfbundle; includeInIndex = 0; path = ELProgressHUDTests.xctest; sourceTree = BUILT_PRODUCTS_DIR; };
		D8CA7C501D75D5DF00434EB0 /* ELProgressHUDTests.m */ = {isa = PBXFileReference; lastKnownFileType = sourcecode.c.objc; path = ELProgressHUDTests.m; sourceTree = "<group>"; };
		D8CA7C521D75D5DF00434EB0 /* Info.plist */ = {isa = PBXFileReference; lastKnownFileType = text.plist.xml; path = Info.plist; sourceTree = "<group>"; };
		D8CA7C571D75D5DF00434EB0 /* ELProgressHUDUITests.xctest */ = {isa = PBXFileReference; explicitFileType = wrapper.cfbundle; includeInIndex = 0; path = ELProgressHUDUITests.xctest; sourceTree = BUILT_PRODUCTS_DIR; };
		D8CA7C5B1D75D5DF00434EB0 /* ELProgressHUDUITests.m */ = {isa = PBXFileReference; lastKnownFileType = sourcecode.c.objc; path = ELProgressHUDUITests.m; sourceTree = "<group>"; };
		D8CA7C5D1D75D5DF00434EB0 /* Info.plist */ = {isa = PBXFileReference; lastKnownFileType = text.plist.xml; path = Info.plist; sourceTree = "<group>"; };
		D8CA7C781D75D5FA00434EB0 /* ELProgressHud.h */ = {isa = PBXFileReference; fileEncoding = 4; lastKnownFileType = sourcecode.c.h; path = ELProgressHud.h; sourceTree = "<group>"; };
		D8CA7C791D75D5FA00434EB0 /* ELProgressHud.m */ = {isa = PBXFileReference; fileEncoding = 4; lastKnownFileType = sourcecode.c.objc; path = ELProgressHud.m; sourceTree = "<group>"; };
/* End PBXFileReference section */

/* Begin PBXFrameworksBuildPhase section */
		D8CA7C301D75D5DE00434EB0 /* Frameworks */ = {
			isa = PBXFrameworksBuildPhase;
			buildActionMask = 2147483647;
			files = (
				5266A8B9C9EAF04D38D984C7 /* libPods-ELProgressHUD.a in Frameworks */,
			);
			runOnlyForDeploymentPostprocessing = 0;
		};
		D8CA7C491D75D5DF00434EB0 /* Frameworks */ = {
			isa = PBXFrameworksBuildPhase;
			buildActionMask = 2147483647;
			files = (
			);
			runOnlyForDeploymentPostprocessing = 0;
		};
		D8CA7C541D75D5DF00434EB0 /* Frameworks */ = {
			isa = PBXFrameworksBuildPhase;
			buildActionMask = 2147483647;
			files = (
			);
			runOnlyForDeploymentPostprocessing = 0;
		};
/* End PBXFrameworksBuildPhase section */

/* Begin PBXGroup section */
		8F14CB11C92F21BFF44A11EB /* Frameworks */ = {
			isa = PBXGroup;
			children = (
				54AF777C9FE4C4EC2253BF60 /* libPods-ELProgressHUD.a */,
			);
			name = Frameworks;
			sourceTree = "<group>";
		};
		CE97C522809E726FD3B8EA60 /* Pods */ = {
			isa = PBXGroup;
			children = (
				BD47AE0932756F9E860A0781 /* Pods-ELProgressHUD.debug.xcconfig */,
				D4C106B504357373FBF26A23 /* Pods-ELProgressHUD.release.xcconfig */,
			);
			name = Pods;
			sourceTree = "<group>";
		};
		D82659201D79D1A300BC74D3 /* gif */ = {
			isa = PBXGroup;
			children = (
				D82659211D79D1A300BC74D3 /* 1.png */,
				D82659221D79D1A300BC74D3 /* 11.png */,
				D82659231D79D1A300BC74D3 /* 12.png */,
				D82659241D79D1A300BC74D3 /* 13.png */,
				D82659251D79D1A300BC74D3 /* 14.png */,
				D82659261D79D1A300BC74D3 /* 2.png */,
				D82659271D79D1A300BC74D3 /* 3.png */,
				D82659281D79D1A300BC74D3 /* 4.png */,
				D82659291D79D1A300BC74D3 /* 5.png */,
				D826592A1D79D1A300BC74D3 /* 6.png */,
				D826592B1D79D1A300BC74D3 /* 7.png */,
				D826592C1D79D1A300BC74D3 /* 8.png */,
				D826592D1D79D1A300BC74D3 /* a.png */,
				D826592E1D79D1A300BC74D3 /* b.png */,
				D826592F1D79D1A300BC74D3 /* ha */,
			);
			path = gif;
			sourceTree = "<group>";
		};
		D8CA7C2A1D75D5DE00434EB0 = {
			isa = PBXGroup;
			children = (
				D8CA7C351D75D5DE00434EB0 /* ELProgressHUD */,
				D8CA7C4F1D75D5DF00434EB0 /* ELProgressHUDTests */,
				D8CA7C5A1D75D5DF00434EB0 /* ELProgressHUDUITests */,
				D8CA7C341D75D5DE00434EB0 /* Products */,
				CE97C522809E726FD3B8EA60 /* Pods */,
				8F14CB11C92F21BFF44A11EB /* Frameworks */,
			);
			sourceTree = "<group>";
		};
		D8CA7C341D75D5DE00434EB0 /* Products */ = {
			isa = PBXGroup;
			children = (
				D8CA7C331D75D5DE00434EB0 /* ELProgressHUD.app */,
				D8CA7C4C1D75D5DF00434EB0 /* ELProgressHUDTests.xctest */,
				D8CA7C571D75D5DF00434EB0 /* ELProgressHUDUITests.xctest */,
			);
			name = Products;
			sourceTree = "<group>";
		};
		D8CA7C351D75D5DE00434EB0 /* ELProgressHUD */ = {
			isa = PBXGroup;
			children = (
				D8CA7C391D75D5DE00434EB0 /* AppDelegate.h */,
				D8CA7C3A1D75D5DE00434EB0 /* AppDelegate.m */,
				D8CA7C3C1D75D5DE00434EB0 /* ViewController.h */,
				D8CA7C3D1D75D5DE00434EB0 /* ViewController.m */,
				D8CA7C771D75D5FA00434EB0 /* ELProgressHud */,
				D8CA7C421D75D5DE00434EB0 /* Assets.xcassets */,
				D82659201D79D1A300BC74D3 /* gif */,
				D8CA7C441D75D5DE00434EB0 /* LaunchScreen.storyboard */,
				D8CA7C471D75D5DE00434EB0 /* Info.plist */,
				D8CA7C361D75D5DE00434EB0 /* Supporting Files */,
			);
			path = ELProgressHUD;
			sourceTree = "<group>";
		};
		D8CA7C361D75D5DE00434EB0 /* Supporting Files */ = {
			isa = PBXGroup;
			children = (
				D8CA7C371D75D5DE00434EB0 /* main.m */,
			);
			name = "Supporting Files";
			sourceTree = "<group>";
		};
		D8CA7C4F1D75D5DF00434EB0 /* ELProgressHUDTests */ = {
			isa = PBXGroup;
			children = (
				D8CA7C501D75D5DF00434EB0 /* ELProgressHUDTests.m */,
				D8CA7C521D75D5DF00434EB0 /* Info.plist */,
			);
			path = ELProgressHUDTests;
			sourceTree = "<group>";
		};
		D8CA7C5A1D75D5DF00434EB0 /* ELProgressHUDUITests */ = {
			isa = PBXGroup;
			children = (
				D8CA7C5B1D75D5DF00434EB0 /* ELProgressHUDUITests.m */,
				D8CA7C5D1D75D5DF00434EB0 /* Info.plist */,
			);
			path = ELProgressHUDUITests;
			sourceTree = "<group>";
		};
		D8CA7C771D75D5FA00434EB0 /* ELProgressHud */ = {
			isa = PBXGroup;
			children = (
				D8CA7C781D75D5FA00434EB0 /* ELProgressHud.h */,
				D8CA7C791D75D5FA00434EB0 /* ELProgressHud.m */,
			);
			name = ELProgressHud;
			path = SBProgressHud;
			sourceTree = "<group>";
		};
/* End PBXGroup section */

/* Begin PBXNativeTarget section */
		D8CA7C321D75D5DE00434EB0 /* ELProgressHUD */ = {
			isa = PBXNativeTarget;
			buildConfigurationList = D8CA7C601D75D5DF00434EB0 /* Build configuration list for PBXNativeTarget "ELProgressHUD" */;
			buildPhases = (
				768BF36621D3095AFBBD0584 /* [CP] Check Pods Manifest.lock */,
				D8CA7C2F1D75D5DE00434EB0 /* Sources */,
				D8CA7C301D75D5DE00434EB0 /* Frameworks */,
				D8CA7C311D75D5DE00434EB0 /* Resources */,
				E063FBB84B82B7EDAAE5F570 /* [CP] Embed Pods Frameworks */,
				4EC2C2A5E76BA1A7D6C501F6 /* [CP] Copy Pods Resources */,
			);
			buildRules = (
			);
			dependencies = (
			);
			name = ELProgressHUD;
			productName = ELProgressHUD;
			productReference = D8CA7C331D75D5DE00434EB0 /* ELProgressHUD.app */;
			productType = "com.apple.product-type.application";
		};
		D8CA7C4B1D75D5DF00434EB0 /* ELProgressHUDTests */ = {
			isa = PBXNativeTarget;
			buildConfigurationList = D8CA7C631D75D5DF00434EB0 /* Build configuration list for PBXNativeTarget "ELProgressHUDTests" */;
			buildPhases = (
				D8CA7C481D75D5DF00434EB0 /* Sources */,
				D8CA7C491D75D5DF00434EB0 /* Frameworks */,
				D8CA7C4A1D75D5DF00434EB0 /* Resources */,
			);
			buildRules = (
			);
			dependencies = (
				D8CA7C4E1D75D5DF00434EB0 /* PBXTargetDependency */,
			);
			name = ELProgressHUDTests;
			productName = ELProgressHUDTests;
			productReference = D8CA7C4C1D75D5DF00434EB0 /* ELProgressHUDTests.xctest */;
			productType = "com.apple.product-type.bundle.unit-test";
		};
		D8CA7C561D75D5DF00434EB0 /* ELProgressHUDUITests */ = {
			isa = PBXNativeTarget;
			buildConfigurationList = D8CA7C661D75D5DF00434EB0 /* Build configuration list for PBXNativeTarget "ELProgressHUDUITests" */;
			buildPhases = (
				D8CA7C531D75D5DF00434EB0 /* Sources */,
				D8CA7C541D75D5DF00434EB0 /* Frameworks */,
				D8CA7C551D75D5DF00434EB0 /* Resources */,
			);
			buildRules = (
			);
			dependencies = (
				D8CA7C591D75D5DF00434EB0 /* PBXTargetDependency */,
			);
			name = ELProgressHUDUITests;
			productName = ELProgressHUDUITests;
			productReference = D8CA7C571D75D5DF00434EB0 /* ELProgressHUDUITests.xctest */;
			productType = "com.apple.product-type.bundle.ui-testing";
		};
/* End PBXNativeTarget section */

/* Begin PBXProject section */
		D8CA7C2B1D75D5DE00434EB0 /* Project object */ = {
			isa = PBXProject;
			attributes = {
				LastUpgradeCheck = 0800;
				ORGANIZATIONNAME = "LiYonghui~";
				TargetAttributes = {
					D8CA7C321D75D5DE00434EB0 = {
						CreatedOnToolsVersion = 7.3.1;
					};
					D8CA7C4B1D75D5DF00434EB0 = {
						CreatedOnToolsVersion = 7.3.1;
						TestTargetID = D8CA7C321D75D5DE00434EB0;
					};
					D8CA7C561D75D5DF00434EB0 = {
						CreatedOnToolsVersion = 7.3.1;
						TestTargetID = D8CA7C321D75D5DE00434EB0;
					};
				};
			};
			buildConfigurationList = D8CA7C2E1D75D5DE00434EB0 /* Build configuration list for PBXProject "ELProgressHUD" */;
			compatibilityVersion = "Xcode 3.2";
			developmentRegion = English;
			hasScannedForEncodings = 0;
			knownRegions = (
				en,
				Base,
			);
			mainGroup = D8CA7C2A1D75D5DE00434EB0;
			productRefGroup = D8CA7C341D75D5DE00434EB0 /* Products */;
			projectDirPath = "";
			projectRoot = "";
			targets = (
				D8CA7C321D75D5DE00434EB0 /* ELProgressHUD */,
				D8CA7C4B1D75D5DF00434EB0 /* ELProgressHUDTests */,
				D8CA7C561D75D5DF00434EB0 /* ELProgressHUDUITests */,
			);
		};
/* End PBXProject section */

/* Begin PBXResourcesBuildPhase section */
		D8CA7C311D75D5DE00434EB0 /* Resources */ = {
			isa = PBXResourcesBuildPhase;
			buildActionMask = 2147483647;
			files = (
				D82659381D79D1A300BC74D3 /* 5.png in Resources */,
				D826593E1D79D1A300BC74D3 /* ha in Resources */,
				D826593A1D79D1A300BC74D3 /* 7.png in Resources */,
				D82659321D79D1A300BC74D3 /* 12.png in Resources */,
				D826593C1D79D1A300BC74D3 /* a.png in Resources */,
				D82659301D79D1A300BC74D3 /* 1.png in Resources */,
				D82659351D79D1A300BC74D3 /* 2.png in Resources */,
				D82659361D79D1A300BC74D3 /* 3.png in Resources */,
				D826593B1D79D1A300BC74D3 /* 8.png in Resources */,
				D8CA7C461D75D5DE00434EB0 /* LaunchScreen.storyboard in Resources */,
				D82659391D79D1A300BC74D3 /* 6.png in Resources */,
				D826593D1D79D1A300BC74D3 /* b.png in Resources */,
				D82659341D79D1A300BC74D3 /* 14.png in Resources */,
				D8CA7C431D75D5DE00434EB0 /* Assets.xcassets in Resources */,
				D82659311D79D1A300BC74D3 /* 11.png in Resources */,
				D82659371D79D1A300BC74D3 /* 4.png in Resources */,
				D82659331D79D1A300BC74D3 /* 13.png in Resources */,
			);
			runOnlyForDeploymentPostprocessing = 0;
		};
		D8CA7C4A1D75D5DF00434EB0 /* Resources */ = {
			isa = PBXResourcesBuildPhase;
			buildActionMask = 2147483647;
			files = (
			);
			runOnlyForDeploymentPostprocessing = 0;
		};
		D8CA7C551D75D5DF00434EB0 /* Resources */ = {
			isa = PBXResourcesBuildPhase;
			buildActionMask = 2147483647;
			files = (
			);
			runOnlyForDeploymentPostprocessing = 0;
		};
/* End PBXResourcesBuildPhase section */

/* Begin PBXShellScriptBuildPhase section */
		4EC2C2A5E76BA1A7D6C501F6 /* [CP] Copy Pods Resources */ = {
			isa = PBXShellScriptBuildPhase;
			buildActionMask = 2147483647;
			files = (
			);
			inputPaths = (
			);
			name = "[CP] Copy Pods Resources";
			outputPaths = (
			);
			runOnlyForDeploymentPostprocessing = 0;
			shellPath = /bin/sh;
			shellScript = "\"${SRCROOT}/Pods/Target Support Files/Pods-ELProgressHUD/Pods-ELProgressHUD-resources.sh\"\n";
			showEnvVarsInLog = 0;
		};
		768BF36621D3095AFBBD0584 /* [CP] Check Pods Manifest.lock */ = {
			isa = PBXShellScriptBuildPhase;
			buildActionMask = 2147483647;
			files = (
			);
			inputPaths = (
			);
			name = "[CP] Check Pods Manifest.lock";
			outputPaths = (
			);
			runOnlyForDeploymentPostprocessing = 0;
			shellPath = /bin/sh;
			shellScript = "diff \"${PODS_ROOT}/../Podfile.lock\" \"${PODS_ROOT}/Manifest.lock\" > /dev/null\nif [[ $? != 0 ]] ; then\n    cat << EOM\nerror: The sandbox is not in sync with the Podfile.lock. Run 'pod install' or update your CocoaPods installation.\nEOM\n    exit 1\nfi\n";
			showEnvVarsInLog = 0;
		};
		E063FBB84B82B7EDAAE5F570 /* [CP] Embed Pods Frameworks */ = {
			isa = PBXShellScriptBuildPhase;
			buildActionMask = 2147483647;
			files = (
			);
			inputPaths = (
			);
			name = "[CP] Embed Pods Frameworks";
			outputPaths = (
			);
			runOnlyForDeploymentPostprocessing = 0;
			shellPath = /bin/sh;
			shellScript = "\"${SRCROOT}/Pods/Target Support Files/Pods-ELProgressHUD/Pods-ELProgressHUD-frameworks.sh\"\n";
			showEnvVarsInLog = 0;
		};
/* End PBXShellScriptBuildPhase section */

/* Begin PBXSourcesBuildPhase section */
		D8CA7C2F1D75D5DE00434EB0 /* Sources */ = {
			isa = PBXSourcesBuildPhase;
			buildActionMask = 2147483647;
			files = (
				D8CA7C3E1D75D5DE00434EB0 /* ViewController.m in Sources */,
				D8CA7C3B1D75D5DE00434EB0 /* AppDelegate.m in Sources */,
				D8CA7C381D75D5DE00434EB0 /* main.m in Sources */,
				D8CA7C801D75D5FA00434EB0 /* ELProgressHud.m in Sources */,
			);
			runOnlyForDeploymentPostprocessing = 0;
		};
		D8CA7C481D75D5DF00434EB0 /* Sources */ = {
			isa = PBXSourcesBuildPhase;
			buildActionMask = 2147483647;
			files = (
				D8CA7C511D75D5DF00434EB0 /* ELProgressHUDTests.m in Sources */,
			);
			runOnlyForDeploymentPostprocessing = 0;
		};
		D8CA7C531D75D5DF00434EB0 /* Sources */ = {
			isa = PBXSourcesBuildPhase;
			buildActionMask = 2147483647;
			files = (
				D8CA7C5C1D75D5DF00434EB0 /* ELProgressHUDUITests.m in Sources */,
			);
			runOnlyForDeploymentPostprocessing = 0;
		};
/* End PBXSourcesBuildPhase section */

/* Begin PBXTargetDependency section */
		D8CA7C4E1D75D5DF00434EB0 /* PBXTargetDependency */ = {
			isa = PBXTargetDependency;
			target = D8CA7C321D75D5DE00434EB0 /* ELProgressHUD */;
			targetProxy = D8CA7C4D1D75D5DF00434EB0 /* PBXContainerItemProxy */;
		};
		D8CA7C591D75D5DF00434EB0 /* PBXTargetDependency */ = {
			isa = PBXTargetDependency;
			target = D8CA7C321D75D5DE00434EB0 /* ELProgressHUD */;
			targetProxy = D8CA7C581D75D5DF00434EB0 /* PBXContainerItemProxy */;
		};
/* End PBXTargetDependency section */

/* Begin PBXVariantGroup section */
		D8CA7C441D75D5DE00434EB0 /* LaunchScreen.storyboard */ = {
			isa = PBXVariantGroup;
			children = (
				D8CA7C451D75D5DE00434EB0 /* Base */,
			);
			name = LaunchScreen.storyboard;
			sourceTree = "<group>";
		};
/* End PBXVariantGroup section */

/* Begin XCBuildConfiguration section */
		D8CA7C5E1D75D5DF00434EB0 /* Debug */ = {
			isa = XCBuildConfiguration;
			buildSettings = {
				ALWAYS_SEARCH_USER_PATHS = NO;
				CLANG_ANALYZER_NONNULL = YES;
				CLANG_CXX_LANGUAGE_STANDARD = "gnu++0x";
				CLANG_CXX_LIBRARY = "libc++";
				CLANG_ENABLE_MODULES = YES;
				CLANG_ENABLE_OBJC_ARC = YES;
				CLANG_WARN_BOOL_CONVERSION = YES;
				CLANG_WARN_CONSTANT_CONVERSION = YES;
				CLANG_WARN_DIRECT_OBJC_ISA_USAGE = YES_ERROR;
				CLANG_WARN_EMPTY_BODY = YES;
				CLANG_WARN_ENUM_CONVERSION = YES;
				CLANG_WARN_INFINITE_RECURSION = YES;
				CLANG_WARN_INT_CONVERSION = YES;
				CLANG_WARN_OBJC_ROOT_CLASS = YES_ERROR;
				CLANG_WARN_SUSPICIOUS_MOVE = YES;
				CLANG_WARN_UNREACHABLE_CODE = YES;
				CLANG_WARN__DUPLICATE_METHOD_MATCH = YES;
				"CODE_SIGN_IDENTITY[sdk=iphoneos*]" = "iPhone Developer";
				COPY_PHASE_STRIP = NO;
				DEBUG_INFORMATION_FORMAT = dwarf;
				ENABLE_STRICT_OBJC_MSGSEND = YES;
				ENABLE_TESTABILITY = YES;
				GCC_C_LANGUAGE_STANDARD = gnu99;
				GCC_DYNAMIC_NO_PIC = NO;
				GCC_NO_COMMON_BLOCKS = YES;
				GCC_OPTIMIZATION_LEVEL = 0;
				GCC_PREPROCESSOR_DEFINITIONS = (
					"DEBUG=1",
					"$(inherited)",
				);
				GCC_WARN_64_TO_32_BIT_CONVERSION = YES;
				GCC_WARN_ABOUT_RETURN_TYPE = YES_ERROR;
				GCC_WARN_UNDECLARED_SELECTOR = YES;
				GCC_WARN_UNINITIALIZED_AUTOS = YES_AGGRESSIVE;
				GCC_WARN_UNUSED_FUNCTION = YES;
				GCC_WARN_UNUSED_VARIABLE = YES;
				IPHONEOS_DEPLOYMENT_TARGET = 9.3;
				MTL_ENABLE_DEBUG_INFO = YES;
				ONLY_ACTIVE_ARCH = YES;
				SDKROOT = iphoneos;
				TARGETED_DEVICE_FAMILY = "1,2";
			};
			name = Debug;
		};
		D8CA7C5F1D75D5DF00434EB0 /* Release */ = {
			isa = XCBuildConfiguration;
			buildSettings = {
				ALWAYS_SEARCH_USER_PATHS = NO;
				CLANG_ANALYZER_NONNULL = YES;
				CLANG_CXX_LANGUAGE_STANDARD = "gnu++0x";
				CLANG_CXX_LIBRARY = "libc++";
				CLANG_ENABLE_MODULES = YES;
				CLANG_ENABLE_OBJC_ARC = YES;
				CLANG_WARN_BOOL_CONVERSION = YES;
				CLANG_WARN_CONSTANT_CONVERSION = YES;
				CLANG_WARN_DIRECT_OBJC_ISA_USAGE = YES_ERROR;
				CLANG_WARN_EMPTY_BODY = YES;
				CLANG_WARN_ENUM_CONVERSION = YES;
				CLANG_WARN_INFINITE_RECURSION = YES;
				CLANG_WARN_INT_CONVERSION = YES;
				CLANG_WARN_OBJC_ROOT_CLASS = YES_ERROR;
				CLANG_WARN_SUSPICIOUS_MOVE = YES;
				CLANG_WARN_UNREACHABLE_CODE = YES;
				CLANG_WARN__DUPLICATE_METHOD_MATCH = YES;
				"CODE_SIGN_IDENTITY[sdk=iphoneos*]" = "iPhone Developer";
				COPY_PHASE_STRIP = NO;
				DEBUG_INFORMATION_FORMAT = "dwarf-with-dsym";
				ENABLE_NS_ASSERTIONS = NO;
				ENABLE_STRICT_OBJC_MSGSEND = YES;
				GCC_C_LANGUAGE_STANDARD = gnu99;
				GCC_NO_COMMON_BLOCKS = YES;
				GCC_WARN_64_TO_32_BIT_CONVERSION = YES;
				GCC_WARN_ABOUT_RETURN_TYPE = YES_ERROR;
				GCC_WARN_UNDECLARED_SELECTOR = YES;
				GCC_WARN_UNINITIALIZED_AUTOS = YES_AGGRESSIVE;
				GCC_WARN_UNUSED_FUNCTION = YES;
				GCC_WARN_UNUSED_VARIABLE = YES;
				IPHONEOS_DEPLOYMENT_TARGET = 9.3;
				MTL_ENABLE_DEBUG_INFO = NO;
				SDKROOT = iphoneos;
				TARGETED_DEVICE_FAMILY = "1,2";
				VALIDATE_PRODUCT = YES;
			};
			name = Release;
		};
		D8CA7C611D75D5DF00434EB0 /* Debug */ = {
			isa = XCBuildConfiguration;
			baseConfigurationReference = BD47AE0932756F9E860A0781 /* Pods-ELProgressHUD.debug.xcconfig */;
			buildSettings = {
				ASSETCATALOG_COMPILER_APPICON_NAME = AppIcon;
				INFOPLIST_FILE = ELProgressHUD/Info.plist;
				LD_RUNPATH_SEARCH_PATHS = "$(inherited) @executable_path/Frameworks";
				PRODUCT_BUNDLE_IDENTIFIER = LiYonghui.ELProgressHUD;
				PRODUCT_NAME = "$(TARGET_NAME)";
			};
			name = Debug;
		};
		D8CA7C621D75D5DF00434EB0 /* Release */ = {
			isa = XCBuildConfiguration;
			baseConfigurationReference = D4C106B504357373FBF26A23 /* Pods-ELProgressHUD.release.xcconfig */;
			buildSettings = {
				ASSETCATALOG_COMPILER_APPICON_NAME = AppIcon;
				INFOPLIST_FILE = ELProgressHUD/Info.plist;
				LD_RUNPATH_SEARCH_PATHS = "$(inherited) @executable_path/Frameworks";
				PRODUCT_BUNDLE_IDENTIFIER = LiYonghui.ELProgressHUD;
				PRODUCT_NAME = "$(TARGET_NAME)";
			};
			name = Release;
		};
		D8CA7C641D75D5DF00434EB0 /* Debug */ = {
			isa = XCBuildConfiguration;
			buildSettings = {
				BUNDLE_LOADER = "$(TEST_HOST)";
				INFOPLIST_FILE = ELProgressHUDTests/Info.plist;
				LD_RUNPATH_SEARCH_PATHS = "$(inherited) @executable_path/Frameworks @loader_path/Frameworks";
				PRODUCT_BUNDLE_IDENTIFIER = LiYonghui.ELProgressHUDTests;
				PRODUCT_NAME = "$(TARGET_NAME)";
				TEST_HOST = "$(BUILT_PRODUCTS_DIR)/ELProgressHUD.app/ELProgressHUD";
			};
			name = Debug;
		};
		D8CA7C651D75D5DF00434EB0 /* Release */ = {
			isa = XCBuildConfiguration;
			buildSettings = {
				BUNDLE_LOADER = "$(TEST_HOST)";
				INFOPLIST_FILE = ELProgressHUDTests/Info.plist;
				LD_RUNPATH_SEARCH_PATHS = "$(inherited) @executable_path/Frameworks @loader_path/Frameworks";
				PRODUCT_BUNDLE_IDENTIFIER = LiYonghui.ELProgressHUDTests;
				PRODUCT_NAME = "$(TARGET_NAME)";
				TEST_HOST = "$(BUILT_PRODUCTS_DIR)/ELProgressHUD.app/ELProgressHUD";
			};
			name = Release;
		};
		D8CA7C671D75D5DF00434EB0 /* Debug */ = {
			isa = XCBuildConfiguration;
			buildSettings = {
				INFOPLIST_FILE = ELProgressHUDUITests/Info.plist;
				LD_RUNPATH_SEARCH_PATHS = "$(inherited) @executable_path/Frameworks @loader_path/Frameworks";
				PRODUCT_BUNDLE_IDENTIFIER = LiYonghui.ELProgressHUDUITests;
				PRODUCT_NAME = "$(TARGET_NAME)";
				TEST_TARGET_NAME = ELProgressHUD;
			};
			name = Debug;
		};
		D8CA7C681D75D5DF00434EB0 /* Release */ = {
			isa = XCBuildConfiguration;
			buildSettings = {
				INFOPLIST_FILE = ELProgressHUDUITests/Info.plist;
				LD_RUNPATH_SEARCH_PATHS = "$(inherited) @executable_path/Frameworks @loader_path/Frameworks";
				PRODUCT_BUNDLE_IDENTIFIER = LiYonghui.ELProgressHUDUITests;
				PRODUCT_NAME = "$(TARGET_NAME)";
				TEST_TARGET_NAME = ELProgressHUD;
			};
			name = Release;
		};
/* End XCBuildConfiguration section */

/* Begin XCConfigurationList section */
		D8CA7C2E1D75D5DE00434EB0 /* Build configuration list for PBXProject "ELProgressHUD" */ = {
			isa = XCConfigurationList;
			buildConfigurations = (
				D8CA7C5E1D75D5DF00434EB0 /* Debug */,
				D8CA7C5F1D75D5DF00434EB0 /* Release */,
			);
			defaultConfigurationIsVisible = 0;
			defaultConfigurationName = Release;
		};
		D8CA7C601D75D5DF00434EB0 /* Build configuration list for PBXNativeTarget "ELProgressHUD" */ = {
			isa = XCConfigurationList;
			buildConfigurations = (
				D8CA7C611D75D5DF00434EB0 /* Debug */,
				D8CA7C621D75D5DF00434EB0 /* Release */,
			);
			defaultConfigurationIsVisible = 0;
			defaultConfigurationName = Release;
		};
		D8CA7C631D75D5DF00434EB0 /* Build configuration list for PBXNativeTarget "ELProgressHUDTests" */ = {
			isa = XCConfigurationList;
			buildConfigurations = (
				D8CA7C641D75D5DF00434EB0 /* Debug */,
				D8CA7C651D75D5DF00434EB0 /* Release */,
			);
			defaultConfigurationIsVisible = 0;
			defaultConfigurationName = Release;
		};
		D8CA7C661D75D5DF00434EB0 /* Build configuration list for PBXNativeTarget "ELProgressHUDUITests" */ = {
			isa = XCConfigurationList;
			buildConfigurations = (
				D8CA7C671D75D5DF00434EB0 /* Debug */,
				D8CA7C681D75D5DF00434EB0 /* Release */,
			);
			defaultConfigurationIsVisible = 0;
			defaultConfigurationName = Release;
		};
/* End XCConfigurationList section */
	};
	rootObject = D8CA7C2B1D75D5DE00434EB0 /* Project object */;
}
